
Microsoft Visual Studio Solution File, Format Version 12.00
# Visual Studio Version 17
VisualStudioVersion = 17.2.32630.192
MinimumVisualStudioVersion = 10.0.40219.1
Project("{FAE04EC0-301F-11D3-BF4B-00C04F79EFBC}") = "DistributionWarehouse", "DistributionWarehouse\DistributionWarehouse.csproj", "{FF43982C-016F-42AF-AB23-BF1E5D7B1C2F}"
EndProject
Global
	GlobalSection(SolutionConfigurationPlatforms) = preSolution
		Debug|Any CPU = Debug|Any CPU
		Release|Any CPU = Release|Any CPU
	EndGlobalSection
	GlobalSection(ProjectConfigurationPlatforms) = postSolution
		{FF43982C-016F-42AF-AB23-BF1E5D7B1C2F}.Debug|Any CPU.ActiveCfg = Debug|Any CPU
		{FF43982C-016F-42AF-AB23-BF1E5D7B1C2F}.Debug|Any CPU.Build.0 = Debug|Any CPU
		{FF43982C-016F-42AF-AB23-BF1E5D7B1C2F}.Release|Any CPU.ActiveCfg = Release|Any CPU
		{FF43982C-016F-42AF-AB23-BF1E5D7B1C2F}.Release|Any CPU.Build.0 = Release|Any CPU
	EndGlobalSection
	GlobalSection(SolutionProperties) = preSolution
		HideSolutionNode = FALSE
	EndGlobalSection
	GlobalSection(ExtensibilityGlobals) = postSolution
		SolutionGuid = {EC21171B-F920-45E5-B26F-AD0999019C9C}
	EndGlobalSection
EndGlobal
